
Microsoft Visual Studio Solution File, Format Version 12.00
# Visual Studio Version 17
VisualStudioVersion = 17.8.34408.163
MinimumVisualStudioVersion = 10.0.40219.1
Project("{FAE04EC0-301F-11D3-BF4B-00C04F79EFBC}") = "Borealis2tsx.Server", "Borealis2tsx.Server\Borealis2tsx.Server.csproj", "{5290634E-CBD2-4859-ACF5-CF5196F482A9}"
EndProject
Project("{54A90642-561A-4BB1-A94E-469ADEE60C69}") = "borealis2tsx.client", "borealis2tsx.client\borealis2tsx.client.esproj", "{D829B2E4-8560-4A0B-BA17-BC8C50E3A9D9}"
EndProject
Global
	GlobalSection(SolutionConfigurationPlatforms) = preSolution
		Debug|Any CPU = Debug|Any CPU
		Release|Any CPU = Release|Any CPU
	EndGlobalSection
	GlobalSection(ProjectConfigurationPlatforms) = postSolution
		{5290634E-CBD2-4859-ACF5-CF5196F482A9}.Debug|Any CPU.ActiveCfg = Debug|Any CPU
		{5290634E-CBD2-4859-ACF5-CF5196F482A9}.Debug|Any CPU.Build.0 = Debug|Any CPU
		{5290634E-CBD2-4859-ACF5-CF5196F482A9}.Release|Any CPU.ActiveCfg = Release|Any CPU
		{5290634E-CBD2-4859-ACF5-CF5196F482A9}.Release|Any CPU.Build.0 = Release|Any CPU
		{D829B2E4-8560-4A0B-BA17-BC8C50E3A9D9}.Debug|Any CPU.ActiveCfg = Debug|Any CPU
		{D829B2E4-8560-4A0B-BA17-BC8C50E3A9D9}.Debug|Any CPU.Build.0 = Debug|Any CPU
		{D829B2E4-8560-4A0B-BA17-BC8C50E3A9D9}.Debug|Any CPU.Deploy.0 = Debug|Any CPU
		{D829B2E4-8560-4A0B-BA17-BC8C50E3A9D9}.Release|Any CPU.ActiveCfg = Release|Any CPU
		{D829B2E4-8560-4A0B-BA17-BC8C50E3A9D9}.Release|Any CPU.Build.0 = Release|Any CPU
		{D829B2E4-8560-4A0B-BA17-BC8C50E3A9D9}.Release|Any CPU.Deploy.0 = Release|Any CPU
	EndGlobalSection
	GlobalSection(SolutionProperties) = preSolution
		HideSolutionNode = FALSE
	EndGlobalSection
	GlobalSection(ExtensibilityGlobals) = postSolution
		SolutionGuid = {F7B91E18-D80C-4649-BE76-F97B2BDCA7A1}
	EndGlobalSection
EndGlobal
